
Microsoft Visual Studio Solution File, Format Version 12.00
# Visual Studio 15
VisualStudioVersion = 15.0.27130.2003
MinimumVisualStudioVersion = 10.0.40219.1
Project("{FAE04EC0-301F-11D3-BF4B-00C04F79EFBC}") = "loginapp", "loginapp\loginapp.csproj", "{473696C7-12F6-4CA7-AF5A-499B12A2388D}"
EndProject
Global
	GlobalSection(SolutionConfigurationPlatforms) = preSolution
		Debug|Any CPU = Debug|Any CPU
		Release|Any CPU = Release|Any CPU
	EndGlobalSection
	GlobalSection(ProjectConfigurationPlatforms) = postSolution
		{473696C7-12F6-4CA7-AF5A-499B12A2388D}.Debug|Any CPU.ActiveCfg = Debug|Any CPU
		{473696C7-12F6-4CA7-AF5A-499B12A2388D}.Debug|Any CPU.Build.0 = Debug|Any CPU
		{473696C7-12F6-4CA7-AF5A-499B12A2388D}.Release|Any CPU.ActiveCfg = Release|Any CPU
		{473696C7-12F6-4CA7-AF5A-499B12A2388D}.Release|Any CPU.Build.0 = Release|Any CPU
	EndGlobalSection
	GlobalSection(SolutionProperties) = preSolution
		HideSolutionNode = FALSE
	EndGlobalSection
	GlobalSection(ExtensibilityGlobals) = postSolution
		SolutionGuid = {17121B92-013A-463F-BDAE-0AFC00CD17A1}
	EndGlobalSection
EndGlobal
