
Microsoft Visual Studio Solution File, Format Version 12.00
# Visual Studio 15
VisualStudioVersion = 15.0.27130.2003
MinimumVisualStudioVersion = 10.0.40219.1
Project("{FAE04EC0-301F-11D3-BF4B-00C04F79EFBC}") = "UserApp", "UserApp.csproj", "{F675EF08-FA54-4138-AB08-E253142AD252}"
EndProject
Global
	GlobalSection(SolutionConfigurationPlatforms) = preSolution
		Debug|x86 = Debug|x86
		Release|x86 = Release|x86
	EndGlobalSection
	GlobalSection(ProjectConfigurationPlatforms) = postSolution
		{F675EF08-FA54-4138-AB08-E253142AD252}.Debug|x86.ActiveCfg = Debug|x86
		{F675EF08-FA54-4138-AB08-E253142AD252}.Debug|x86.Build.0 = Debug|x86
		{F675EF08-FA54-4138-AB08-E253142AD252}.Release|x86.ActiveCfg = Release|x86
		{F675EF08-FA54-4138-AB08-E253142AD252}.Release|x86.Build.0 = Release|x86
	EndGlobalSection
	GlobalSection(SolutionProperties) = preSolution
		HideSolutionNode = FALSE
	EndGlobalSection
	GlobalSection(ExtensibilityGlobals) = postSolution
		SolutionGuid = {F745F41E-9128-445A-B498-3CF19241C14B}
	EndGlobalSection
EndGlobal
